
Microsoft Visual Studio Solution File, Format Version 12.00
# Visual Studio Version 16
VisualStudioVersion = 16.0.29905.134
MinimumVisualStudioVersion = 10.0.40219.1
Project("{9A19103F-16F7-4668-BE54-9A1E7A4F7556}") = "PathFindingAlgorithms", "PathFindingAlgorithms\PathFindingAlgorithms.csproj", "{CD5E9176-1F9A-4479-9CD3-10C4D7BF57C5}"
EndProject
Project("{FAE04EC0-301F-11D3-BF4B-00C04F79EFBC}") = "PathFinders", "PathFinders\PathFinders.csproj", "{FAA42927-D271-4C4A-8570-4D800106C446}"
EndProject
Project("{FAE04EC0-301F-11D3-BF4B-00C04F79EFBC}") = "MapAroundPathFinding", "MapAroundPathFinding\MapAroundPathFinding.csproj", "{03CFD575-D58C-497D-BD67-8BC8CC5339EA}"
EndProject
Project("{2150E333-8FDC-42A3-9474-1A3956D46DE8}") = "MapAroundSource", "MapAroundSource", "{5A67F3B7-562A-40BA-961D-AC07F6446A92}"
EndProject
Project("{FAE04EC0-301F-11D3-BF4B-00C04F79EFBC}") = "MapAround.Core", "MapAroundSource\MapAround.Core\MapAround.Core.csproj", "{C02BEDA0-CA27-4764-8D96-4BD1EF228BF8}"
EndProject
Project("{FAE04EC0-301F-11D3-BF4B-00C04F79EFBC}") = "WinFormsMapControl", "MapAroundSource\WinFormsMapControl\WinFormsMapControl.csproj", "{40702648-4588-47AF-B1B6-04DD5580A8FB}"
EndProject
Project("{FAE04EC0-301F-11D3-BF4B-00C04F79EFBC}") = "FillerTesting", "FillerTesting\FillerTesting.csproj", "{56DE294F-BD32-4AB0-8415-955DDF6631A0}"
EndProject
Project("{FAE04EC0-301F-11D3-BF4B-00C04F79EFBC}") = "PathFindersTests", "PathFindersTests\PathFindersTests.csproj", "{AC1EB60B-E45A-4E62-B78B-96B77829B311}"
EndProject
Global
	GlobalSection(SolutionConfigurationPlatforms) = preSolution
		Debug|Any CPU = Debug|Any CPU
		Debug|x64 = Debug|x64
		Debug|x86 = Debug|x86
		Mono|Any CPU = Mono|Any CPU
		Mono|x64 = Mono|x64
		Mono|x86 = Mono|x86
		Release|Any CPU = Release|Any CPU
		Release|x64 = Release|x64
		Release|x86 = Release|x86
	EndGlobalSection
	GlobalSection(ProjectConfigurationPlatforms) = postSolution
		{CD5E9176-1F9A-4479-9CD3-10C4D7BF57C5}.Debug|Any CPU.ActiveCfg = Debug|Any CPU
		{CD5E9176-1F9A-4479-9CD3-10C4D7BF57C5}.Debug|Any CPU.Build.0 = Debug|Any CPU
		{CD5E9176-1F9A-4479-9CD3-10C4D7BF57C5}.Debug|x64.ActiveCfg = Debug|Any CPU
		{CD5E9176-1F9A-4479-9CD3-10C4D7BF57C5}.Debug|x64.Build.0 = Debug|Any CPU
		{CD5E9176-1F9A-4479-9CD3-10C4D7BF57C5}.Debug|x86.ActiveCfg = Debug|Any CPU
		{CD5E9176-1F9A-4479-9CD3-10C4D7BF57C5}.Debug|x86.Build.0 = Debug|Any CPU
		{CD5E9176-1F9A-4479-9CD3-10C4D7BF57C5}.Mono|Any CPU.ActiveCfg = Release|Any CPU
		{CD5E9176-1F9A-4479-9CD3-10C4D7BF57C5}.Mono|Any CPU.Build.0 = Release|Any CPU
		{CD5E9176-1F9A-4479-9CD3-10C4D7BF57C5}.Mono|x64.ActiveCfg = Release|Any CPU
		{CD5E9176-1F9A-4479-9CD3-10C4D7BF57C5}.Mono|x64.Build.0 = Release|Any CPU
		{CD5E9176-1F9A-4479-9CD3-10C4D7BF57C5}.Mono|x86.ActiveCfg = Release|Any CPU
		{CD5E9176-1F9A-4479-9CD3-10C4D7BF57C5}.Mono|x86.Build.0 = Release|Any CPU
		{CD5E9176-1F9A-4479-9CD3-10C4D7BF57C5}.Release|Any CPU.ActiveCfg = Release|Any CPU
		{CD5E9176-1F9A-4479-9CD3-10C4D7BF57C5}.Release|Any CPU.Build.0 = Release|Any CPU
		{CD5E9176-1F9A-4479-9CD3-10C4D7BF57C5}.Release|x64.ActiveCfg = Release|Any CPU
		{CD5E9176-1F9A-4479-9CD3-10C4D7BF57C5}.Release|x64.Build.0 = Release|Any CPU
		{CD5E9176-1F9A-4479-9CD3-10C4D7BF57C5}.Release|x86.ActiveCfg = Release|Any CPU
		{CD5E9176-1F9A-4479-9CD3-10C4D7BF57C5}.Release|x86.Build.0 = Release|Any CPU
		{FAA42927-D271-4C4A-8570-4D800106C446}.Debug|Any CPU.ActiveCfg = Debug|Any CPU
		{FAA42927-D271-4C4A-8570-4D800106C446}.Debug|Any CPU.Build.0 = Debug|Any CPU
		{FAA42927-D271-4C4A-8570-4D800106C446}.Debug|x64.ActiveCfg = Debug|Any CPU
		{FAA42927-D271-4C4A-8570-4D800106C446}.Debug|x64.Build.0 = Debug|Any CPU
		{FAA42927-D271-4C4A-8570-4D800106C446}.Debug|x86.ActiveCfg = Debug|Any CPU
		{FAA42927-D271-4C4A-8570-4D800106C446}.Debug|x86.Build.0 = Debug|Any CPU
		{FAA42927-D271-4C4A-8570-4D800106C446}.Mono|Any CPU.ActiveCfg = Release|Any CPU
		{FAA42927-D271-4C4A-8570-4D800106C446}.Mono|Any CPU.Build.0 = Release|Any CPU
		{FAA42927-D271-4C4A-8570-4D800106C446}.Mono|x64.ActiveCfg = Release|Any CPU
		{FAA42927-D271-4C4A-8570-4D800106C446}.Mono|x64.Build.0 = Release|Any CPU
		{FAA42927-D271-4C4A-8570-4D800106C446}.Mono|x86.ActiveCfg = Release|Any CPU
		{FAA42927-D271-4C4A-8570-4D800106C446}.Mono|x86.Build.0 = Release|Any CPU
		{FAA42927-D271-4C4A-8570-4D800106C446}.Release|Any CPU.ActiveCfg = Release|Any CPU
		{FAA42927-D271-4C4A-8570-4D800106C446}.Release|Any CPU.Build.0 = Release|Any CPU
		{FAA42927-D271-4C4A-8570-4D800106C446}.Release|x64.ActiveCfg = Release|Any CPU
		{FAA42927-D271-4C4A-8570-4D800106C446}.Release|x64.Build.0 = Release|Any CPU
		{FAA42927-D271-4C4A-8570-4D800106C446}.Release|x86.ActiveCfg = Release|Any CPU
		{FAA42927-D271-4C4A-8570-4D800106C446}.Release|x86.Build.0 = Release|Any CPU
		{03CFD575-D58C-497D-BD67-8BC8CC5339EA}.Debug|Any CPU.ActiveCfg = Debug|Any CPU
		{03CFD575-D58C-497D-BD67-8BC8CC5339EA}.Debug|Any CPU.Build.0 = Debug|Any CPU
		{03CFD575-D58C-497D-BD67-8BC8CC5339EA}.Debug|x64.ActiveCfg = Debug|Any CPU
		{03CFD575-D58C-497D-BD67-8BC8CC5339EA}.Debug|x64.Build.0 = Debug|Any CPU
		{03CFD575-D58C-497D-BD67-8BC8CC5339EA}.Debug|x86.ActiveCfg = Debug|Any CPU
		{03CFD575-D58C-497D-BD67-8BC8CC5339EA}.Debug|x86.Build.0 = Debug|Any CPU
		{03CFD575-D58C-497D-BD67-8BC8CC5339EA}.Mono|Any CPU.ActiveCfg = Release|Any CPU
		{03CFD575-D58C-497D-BD67-8BC8CC5339EA}.Mono|Any CPU.Build.0 = Release|Any CPU
		{03CFD575-D58C-497D-BD67-8BC8CC5339EA}.Mono|x64.ActiveCfg = Release|Any CPU
		{03CFD575-D58C-497D-BD67-8BC8CC5339EA}.Mono|x64.Build.0 = Release|Any CPU
		{03CFD575-D58C-497D-BD67-8BC8CC5339EA}.Mono|x86.ActiveCfg = Release|Any CPU
		{03CFD575-D58C-497D-BD67-8BC8CC5339EA}.Mono|x86.Build.0 = Release|Any CPU
		{03CFD575-D58C-497D-BD67-8BC8CC5339EA}.Release|Any CPU.ActiveCfg = Release|Any CPU
		{03CFD575-D58C-497D-BD67-8BC8CC5339EA}.Release|Any CPU.Build.0 = Release|Any CPU
		{03CFD575-D58C-497D-BD67-8BC8CC5339EA}.Release|x64.ActiveCfg = Release|Any CPU
		{03CFD575-D58C-497D-BD67-8BC8CC5339EA}.Release|x64.Build.0 = Release|Any CPU
		{03CFD575-D58C-497D-BD67-8BC8CC5339EA}.Release|x86.ActiveCfg = Release|Any CPU
		{03CFD575-D58C-497D-BD67-8BC8CC5339EA}.Release|x86.Build.0 = Release|Any CPU
		{C02BEDA0-CA27-4764-8D96-4BD1EF228BF8}.Debug|Any CPU.ActiveCfg = Debug|Any CPU
		{C02BEDA0-CA27-4764-8D96-4BD1EF228BF8}.Debug|Any CPU.Build.0 = Debug|Any CPU
		{C02BEDA0-CA27-4764-8D96-4BD1EF228BF8}.Debug|x64.ActiveCfg = Debug|x64
		{C02BEDA0-CA27-4764-8D96-4BD1EF228BF8}.Debug|x64.Build.0 = Debug|x64
		{C02BEDA0-CA27-4764-8D96-4BD1EF228BF8}.Debug|x86.ActiveCfg = Debug|x86
		{C02BEDA0-CA27-4764-8D96-4BD1EF228BF8}.Debug|x86.Build.0 = Debug|x86
		{C02BEDA0-CA27-4764-8D96-4BD1EF228BF8}.Mono|Any CPU.ActiveCfg = Mono|Any CPU
		{C02BEDA0-CA27-4764-8D96-4BD1EF228BF8}.Mono|Any CPU.Build.0 = Mono|Any CPU
		{C02BEDA0-CA27-4764-8D96-4BD1EF228BF8}.Mono|x64.ActiveCfg = Mono|x64
		{C02BEDA0-CA27-4764-8D96-4BD1EF228BF8}.Mono|x64.Build.0 = Mono|x64
		{C02BEDA0-CA27-4764-8D96-4BD1EF228BF8}.Mono|x86.ActiveCfg = Mono|x86
		{C02BEDA0-CA27-4764-8D96-4BD1EF228BF8}.Mono|x86.Build.0 = Mono|x86
		{C02BEDA0-CA27-4764-8D96-4BD1EF228BF8}.Release|Any CPU.ActiveCfg = Release|Any CPU
		{C02BEDA0-CA27-4764-8D96-4BD1EF228BF8}.Release|Any CPU.Build.0 = Release|Any CPU
		{C02BEDA0-CA27-4764-8D96-4BD1EF228BF8}.Release|x64.ActiveCfg = Release|x64
		{C02BEDA0-CA27-4764-8D96-4BD1EF228BF8}.Release|x64.Build.0 = Release|x64
		{C02BEDA0-CA27-4764-8D96-4BD1EF228BF8}.Release|x86.ActiveCfg = Release|x86
		{C02BEDA0-CA27-4764-8D96-4BD1EF228BF8}.Release|x86.Build.0 = Release|x86
		{40702648-4588-47AF-B1B6-04DD5580A8FB}.Debug|Any CPU.ActiveCfg = Debug|Any CPU
		{40702648-4588-47AF-B1B6-04DD5580A8FB}.Debug|Any CPU.Build.0 = Debug|Any CPU
		{40702648-4588-47AF-B1B6-04DD5580A8FB}.Debug|x64.ActiveCfg = Debug|x64
		{40702648-4588-47AF-B1B6-04DD5580A8FB}.Debug|x64.Build.0 = Debug|x64
		{40702648-4588-47AF-B1B6-04DD5580A8FB}.Debug|x86.ActiveCfg = Debug|x86
		{40702648-4588-47AF-B1B6-04DD5580A8FB}.Debug|x86.Build.0 = Debug|x86
		{40702648-4588-47AF-B1B6-04DD5580A8FB}.Mono|Any CPU.ActiveCfg = Release|Any CPU
		{40702648-4588-47AF-B1B6-04DD5580A8FB}.Mono|Any CPU.Build.0 = Release|Any CPU
		{40702648-4588-47AF-B1B6-04DD5580A8FB}.Mono|x64.ActiveCfg = Release|x64
		{40702648-4588-47AF-B1B6-04DD5580A8FB}.Mono|x64.Build.0 = Release|x64
		{40702648-4588-47AF-B1B6-04DD5580A8FB}.Mono|x86.ActiveCfg = Release|x86
		{40702648-4588-47AF-B1B6-04DD5580A8FB}.Mono|x86.Build.0 = Release|x86
		{40702648-4588-47AF-B1B6-04DD5580A8FB}.Release|Any CPU.ActiveCfg = Release|Any CPU
		{40702648-4588-47AF-B1B6-04DD5580A8FB}.Release|Any CPU.Build.0 = Release|Any CPU
		{40702648-4588-47AF-B1B6-04DD5580A8FB}.Release|x64.ActiveCfg = Release|x64
		{40702648-4588-47AF-B1B6-04DD5580A8FB}.Release|x64.Build.0 = Release|x64
		{40702648-4588-47AF-B1B6-04DD5580A8FB}.Release|x86.ActiveCfg = Release|x86
		{40702648-4588-47AF-B1B6-04DD5580A8FB}.Release|x86.Build.0 = Release|x86
		{56DE294F-BD32-4AB0-8415-955DDF6631A0}.Debug|Any CPU.ActiveCfg = Debug|Any CPU
		{56DE294F-BD32-4AB0-8415-955DDF6631A0}.Debug|Any CPU.Build.0 = Debug|Any CPU
		{56DE294F-BD32-4AB0-8415-955DDF6631A0}.Debug|x64.ActiveCfg = Debug|Any CPU
		{56DE294F-BD32-4AB0-8415-955DDF6631A0}.Debug|x64.Build.0 = Debug|Any CPU
		{56DE294F-BD32-4AB0-8415-955DDF6631A0}.Debug|x86.ActiveCfg = Debug|Any CPU
		{56DE294F-BD32-4AB0-8415-955DDF6631A0}.Debug|x86.Build.0 = Debug|Any CPU
		{56DE294F-BD32-4AB0-8415-955DDF6631A0}.Mono|Any CPU.ActiveCfg = Release|Any CPU
		{56DE294F-BD32-4AB0-8415-955DDF6631A0}.Mono|Any CPU.Build.0 = Release|Any CPU
		{56DE294F-BD32-4AB0-8415-955DDF6631A0}.Mono|x64.ActiveCfg = Release|Any CPU
		{56DE294F-BD32-4AB0-8415-955DDF6631A0}.Mono|x64.Build.0 = Release|Any CPU
		{56DE294F-BD32-4AB0-8415-955DDF6631A0}.Mono|x86.ActiveCfg = Release|Any CPU
		{56DE294F-BD32-4AB0-8415-955DDF6631A0}.Mono|x86.Build.0 = Release|Any CPU
		{56DE294F-BD32-4AB0-8415-955DDF6631A0}.Release|Any CPU.ActiveCfg = Release|Any CPU
		{56DE294F-BD32-4AB0-8415-955DDF6631A0}.Release|Any CPU.Build.0 = Release|Any CPU
		{56DE294F-BD32-4AB0-8415-955DDF6631A0}.Release|x64.ActiveCfg = Release|Any CPU
		{56DE294F-BD32-4AB0-8415-955DDF6631A0}.Release|x64.Build.0 = Release|Any CPU
		{56DE294F-BD32-4AB0-8415-955DDF6631A0}.Release|x86.ActiveCfg = Release|Any CPU
		{56DE294F-BD32-4AB0-8415-955DDF6631A0}.Release|x86.Build.0 = Release|Any CPU
		{AC1EB60B-E45A-4E62-B78B-96B77829B311}.Debug|Any CPU.ActiveCfg = Debug|Any CPU
		{AC1EB60B-E45A-4E62-B78B-96B77829B311}.Debug|Any CPU.Build.0 = Debug|Any CPU
		{AC1EB60B-E45A-4E62-B78B-96B77829B311}.Debug|x64.ActiveCfg = Debug|Any CPU
		{AC1EB60B-E45A-4E62-B78B-96B77829B311}.Debug|x64.Build.0 = Debug|Any CPU
		{AC1EB60B-E45A-4E62-B78B-96B77829B311}.Debug|x86.ActiveCfg = Debug|Any CPU
		{AC1EB60B-E45A-4E62-B78B-96B77829B311}.Debug|x86.Build.0 = Debug|Any CPU
		{AC1EB60B-E45A-4E62-B78B-96B77829B311}.Mono|Any CPU.ActiveCfg = Release|Any CPU
		{AC1EB60B-E45A-4E62-B78B-96B77829B311}.Mono|Any CPU.Build.0 = Release|Any CPU
		{AC1EB60B-E45A-4E62-B78B-96B77829B311}.Mono|x64.ActiveCfg = Release|Any CPU
		{AC1EB60B-E45A-4E62-B78B-96B77829B311}.Mono|x64.Build.0 = Release|Any CPU
		{AC1EB60B-E45A-4E62-B78B-96B77829B311}.Mono|x86.ActiveCfg = Release|Any CPU
		{AC1EB60B-E45A-4E62-B78B-96B77829B311}.Mono|x86.Build.0 = Release|Any CPU
		{AC1EB60B-E45A-4E62-B78B-96B77829B311}.Release|Any CPU.ActiveCfg = Release|Any CPU
		{AC1EB60B-E45A-4E62-B78B-96B77829B311}.Release|Any CPU.Build.0 = Release|Any CPU
		{AC1EB60B-E45A-4E62-B78B-96B77829B311}.Release|x64.ActiveCfg = Release|Any CPU
		{AC1EB60B-E45A-4E62-B78B-96B77829B311}.Release|x64.Build.0 = Release|Any CPU
		{AC1EB60B-E45A-4E62-B78B-96B77829B311}.Release|x86.ActiveCfg = Release|Any CPU
		{AC1EB60B-E45A-4E62-B78B-96B77829B311}.Release|x86.Build.0 = Release|Any CPU
	EndGlobalSection
	GlobalSection(SolutionProperties) = preSolution
		HideSolutionNode = FALSE
	EndGlobalSection
	GlobalSection(NestedProjects) = preSolution
		{C02BEDA0-CA27-4764-8D96-4BD1EF228BF8} = {5A67F3B7-562A-40BA-961D-AC07F6446A92}
		{40702648-4588-47AF-B1B6-04DD5580A8FB} = {5A67F3B7-562A-40BA-961D-AC07F6446A92}
	EndGlobalSection
	GlobalSection(ExtensibilityGlobals) = postSolution
		SolutionGuid = {FFB6B3BA-EC72-412C-8389-DDE5266DBED2}
	EndGlobalSection
EndGlobal
